# THIS IS AN AUTOGENERATED FILE. DO NOT EDIT THIS FILE DIRECTLY.
# yarn lockfile v1


bluebird@^2.9.34:
  version "2.11.0"
  resolved "http://registry.npmjs.org/bluebird/-/bluebird-2.11.0.tgz#534b9033c022c9579c56ba3b3e5a5caafbb650e1"

get-port@^1.0.0:
  version "1.0.0"
  resolved "https://registry.npmjs.org/get-port/-/get-port-1.0.0.tgz#6920003b5ae418213938fb8c1e4343b4cbe63deb"

lodash@^3.10.1:
  version "3.10.1"
  resolved "http://registry.npmjs.org/lodash/-/lodash-3.10.1.tgz#5bf45e8e49ba4189e17d482789dfd15bd140b7b6"

minimist@^1.2.0:
  version "1.2.0"
  resolved "http://registry.npmjs.org/minimist/-/minimist-1.2.0.tgz#a35008b20f41383eec1fb914f4cd5df79a264284"
